
Microsoft Visual Studio Solution File, Format Version 12.00
# Visual Studio Version 17
VisualStudioVersion = 17.4.33213.308
MinimumVisualStudioVersion = 10.0.40219.1
Project("{9A19103F-16F7-4668-BE54-9A1E7A4F7556}") = "FiniteField", "FiniteField\FiniteField.csproj", "{1B61AEBC-C508-4F68-8D28-43BE0840508E}"
EndProject
Project("{9A19103F-16F7-4668-BE54-9A1E7A4F7556}") = "FiniteFieldTests", "FiniteFieldTests\FiniteFieldTests.csproj", "{6BAF1DCC-DE01-424E-B622-6E6051A6F606}"
EndProject
Global
	GlobalSection(SolutionConfigurationPlatforms) = preSolution
		Debug|Any CPU = Debug|Any CPU
		Release|Any CPU = Release|Any CPU
	EndGlobalSection
	GlobalSection(ProjectConfigurationPlatforms) = postSolution
		{1B61AEBC-C508-4F68-8D28-43BE0840508E}.Debug|Any CPU.ActiveCfg = Debug|Any CPU
		{1B61AEBC-C508-4F68-8D28-43BE0840508E}.Debug|Any CPU.Build.0 = Debug|Any CPU
		{1B61AEBC-C508-4F68-8D28-43BE0840508E}.Release|Any CPU.ActiveCfg = Release|Any CPU
		{1B61AEBC-C508-4F68-8D28-43BE0840508E}.Release|Any CPU.Build.0 = Release|Any CPU
		{6BAF1DCC-DE01-424E-B622-6E6051A6F606}.Debug|Any CPU.ActiveCfg = Debug|Any CPU
		{6BAF1DCC-DE01-424E-B622-6E6051A6F606}.Debug|Any CPU.Build.0 = Debug|Any CPU
		{6BAF1DCC-DE01-424E-B622-6E6051A6F606}.Release|Any CPU.ActiveCfg = Release|Any CPU
		{6BAF1DCC-DE01-424E-B622-6E6051A6F606}.Release|Any CPU.Build.0 = Release|Any CPU
	EndGlobalSection
	GlobalSection(SolutionProperties) = preSolution
		HideSolutionNode = FALSE
	EndGlobalSection
	GlobalSection(ExtensibilityGlobals) = postSolution
		SolutionGuid = {E2F40843-3C19-41EA-90BC-C08759E00785}
	EndGlobalSection
EndGlobal
